<?xml version="1.0" encoding="utf-8"?>
<Project xmlns="http://schemas.microsoft.com/developer/msbuild/2003" ToolsVersion="4.0">
  <ItemGroup>
    <Filter Include="Header Files">
      <UniqueIdentifier>{4D1BFFCC-9CEB-4ABF-A951-582870FE71FD}</UniqueIdentifier>
      <Extensions>h;hpp;hxx;hm;inl;inc;xsd</Extensions>
    </Filter>
    <Filter Include="Header Files\TouchGFX">
      <UniqueIdentifier>{29C60541-803D-4F43-8683-028D9DA5E0CB}</UniqueIdentifier>
    </Filter>
    <Filter Include="Header Files\TouchGFX\common">
      <UniqueIdentifier>{AF2BF67C-89EC-4545-B0D2-5BD6803628D4}</UniqueIdentifier>
    </Filter>
    <Filter Include="Header Files\TouchGFX\mvp">
      <UniqueIdentifier>{A8F51E02-A400-49F1-AC86-371872A7E5E6}</UniqueIdentifier>
    </Filter>
    <Filter Include="Header Files\TouchGFX\platform">
      <UniqueIdentifier>{493CF637-721C-4516-8638-3EE4790FB455}</UniqueIdentifier>
    </Filter>
    <Filter Include="Header Files\TouchGFX\touchgfx">
      <UniqueIdentifier>{7187028B-6482-4EB3-8556-EECD38E0636B}</UniqueIdentifier>
    </Filter>
    <Filter Include="Header Files\TouchGFX\platform\driver">
      <UniqueIdentifier>{D2E6B448-6B79-434F-A8EB-C8F8415957E9}</UniqueIdentifier>
    </Filter>
    <Filter Include="Header Files\TouchGFX\platform\hal">
      <UniqueIdentifier>{07737357-9365-4A8F-B2F6-908B5FC4E808}</UniqueIdentifier>
    </Filter>
    <Filter Include="Header Files\TouchGFX\touchgfx\canvas_widget_renderer">
      <UniqueIdentifier>{085B248B-6BE1-4BF8-9913-35526BAEE4C7}</UniqueIdentifier>
    </Filter>
    <Filter Include="Header Files\TouchGFX\touchgfx\containers">
      <UniqueIdentifier>{E08C6B18-2F0E-4861-87D5-80FB0411017E}</UniqueIdentifier>
    </Filter>
    <Filter Include="Header Files\TouchGFX\touchgfx\events">
      <UniqueIdentifier>{29D72404-E5CB-472C-B00F-3784DF3CCD1E}</UniqueIdentifier>
    </Filter>
    <Filter Include="Header Files\TouchGFX\touchgfx\hal">
      <UniqueIdentifier>{09561B72-532B-45EB-8E32-CAA31C349F83}</UniqueIdentifier>
    </Filter>
    <Filter Include="Header Files\TouchGFX\touchgfx\lcd">
      <UniqueIdentifier>{A89B6308-CBC1-48EC-BF14-B3C6106FACCE}</UniqueIdentifier>
    </Filter>
    <Filter Include="Header Files\TouchGFX\touchgfx\mixins">
      <UniqueIdentifier>{DB82A963-BE52-4494-BD5E-358C5E79C081}</UniqueIdentifier>
    </Filter>
    <Filter Include="Header Files\TouchGFX\touchgfx\transforms">
      <UniqueIdentifier>{509E01BB-FBF4-4198-B748-936C1B67839A}</UniqueIdentifier>
    </Filter>
    <Filter Include="Header Files\TouchGFX\touchgfx\transitions">
      <UniqueIdentifier>{3F023E56-225A-4D4C-9D20-74447A23BAD9}</UniqueIdentifier>
    </Filter>
    <Filter Include="Header Files\TouchGFX\touchgfx\widgets">
      <UniqueIdentifier>{0E9A8FD3-B71B-46B9-B1F6-3A18292FFAC4}</UniqueIdentifier>
    </Filter>
    <Filter Include="Header Files\TouchGFX\platform\driver\lcd">
      <UniqueIdentifier>{9B32A742-EBA9-4EBA-832E-0421D7E68BC5}</UniqueIdentifier>
    </Filter>
    <Filter Include="Header Files\TouchGFX\platform\driver\touch">
      <UniqueIdentifier>{8C31441B-2191-4B32-869D-7B253AECB28F}</UniqueIdentifier>
    </Filter>
    <Filter Include="Header Files\TouchGFX\platform\hal\simulator">
      <UniqueIdentifier>{464CC9FB-AFF6-4FFA-B4D8-BCAC4B2B8898}</UniqueIdentifier>
    </Filter>
    <Filter Include="Header Files\TouchGFX\touchgfx\containers\clock">
      <UniqueIdentifier>{B7237C13-DD69-4F78-8446-9A554431E3F8}</UniqueIdentifier>
    </Filter>
    <Filter Include="Header Files\TouchGFX\touchgfx\containers\progress_indicators">
      <UniqueIdentifier>{5E0E884F-0059-4306-94BA-3197219750E3}</UniqueIdentifier>
    </Filter>
    <Filter Include="Header Files\TouchGFX\touchgfx\widgets\canvas">
      <UniqueIdentifier>{DBFF640A-BD63-40BC-A0A5-2468BC461037}</UniqueIdentifier>
    </Filter>
    <Filter Include="Header Files\TouchGFX\platform\hal\simulator\sdl2">
      <UniqueIdentifier>{EA3962C0-553C-4CFD-A89B-A116A9493818}</UniqueIdentifier>
    </Filter>
    <Filter Include="Header Files\generated">
      <UniqueIdentifier>{29C60541-803D-4F44-8783-028D9DA5E0CC}</UniqueIdentifier>
    </Filter>
    <Filter Include="Header Files\generated\simulator">
      <UniqueIdentifier>{29C60541-803D-4F43-8683-028D9DA5E0CC}</UniqueIdentifier>
    </Filter>
    <Filter Include="Resource Files">
      <UniqueIdentifier>{92BBFF14-FBDB-4755-BA47-A830D863D92B}</UniqueIdentifier>
      <Extensions>rc;ico;cur;bmp;dlg;rc2;rct;bin;rgs;gif;jpg;jpeg;jpe;resx;tiff;tif;ttf;otf;bdf;png;wav;xml;props;mfcribbon-ms</Extensions>
    </Filter>
    <Filter Include="Resource Files\assets">
      <UniqueIdentifier>{AF899B0F-78BE-47F9-A912-E92CB9156E40}</UniqueIdentifier>
    </Filter>
    <Filter Include="Resource Files\config">
      <UniqueIdentifier>{29E8A9F8-6504-4625-AB47-671A3F665E51}</UniqueIdentifier>
    </Filter>
    <Filter Include="Resource Files\assets\texts">
      <UniqueIdentifier>{382278FD-2B19-4E89-AE4F-24AF77E7A270}</UniqueIdentifier>
    </Filter>
    <Filter Include="Resource Files\config\msvs">
      <UniqueIdentifier>{C24EAEDB-9A3F-43DC-87FB-C7AC2729A078}</UniqueIdentifier>
    </Filter>
    <Filter Include="Source Files">
      <UniqueIdentifier>{2F3FC0AA-97C4-4366-9939-94A0FF4E028C}</UniqueIdentifier>
      <Extensions>cpp;c;cc;cxx;def;odl;idl;hpj;bat;asm;asmx</Extensions>
    </Filter>
    <Filter Include="Source Files\TouchGFX">
      <UniqueIdentifier>{C07B02A9-A55E-47AA-AD61-59A6AAD754E6}</UniqueIdentifier>
    </Filter>
    <Filter Include="Source Files\TouchGFX\platform">
      <UniqueIdentifier>{33EDC2DB-AF72-480C-92E5-2A2833BCAB6F}</UniqueIdentifier>
    </Filter>
    <Filter Include="Source Files\TouchGFX\platform\driver">
      <UniqueIdentifier>{1D8EFD90-430A-4539-9080-16A38861D20A}</UniqueIdentifier>
    </Filter>
    <Filter Include="Source Files\TouchGFX\platform\hal">
      <UniqueIdentifier>{E8DECBF2-0C8E-4397-8603-3101D6F922D6}</UniqueIdentifier>
    </Filter>
    <Filter Include="Source Files\TouchGFX\platform\driver\touch">
      <UniqueIdentifier>{40F0D55D-79D9-488A-AF83-ADC96179EADF}</UniqueIdentifier>
    </Filter>
    <Filter Include="Source Files\TouchGFX\platform\hal\simulator">
      <UniqueIdentifier>{3FB50DD5-31DA-4042-B7FD-2151C58CDA80}</UniqueIdentifier>
    </Filter>
    <Filter Include="Source Files\TouchGFX\platform\hal\simulator\sdl2">
      <UniqueIdentifier>{B48CB42B-0F9E-4815-BFE1-1ACC1150ED8A}</UniqueIdentifier>
    </Filter>
    <Filter Include="Source Files\simulator">
      <UniqueIdentifier>{C07B03A9-A55E-47AA-AD61-59A6AAD754E6}</UniqueIdentifier>
    </Filter>
    <Filter Include="Source Files\generated">
      <UniqueIdentifier>{C07B02B9-A55E-47AB-AD61-59A6AAD754E6}</UniqueIdentifier>
    </Filter>
    <Filter Include="Source Files\generated\simulator">
      <UniqueIdentifier>{C07B02B9-A55E-47AA-AD61-59A6AAD754E6}</UniqueIdentifier>
    </Filter>
    <Filter Include="Header Files\gui">
      <UniqueIdentifier>D02E648E-0E46-D91C-9956-D69DE19EA6D4</UniqueIdentifier>
    </Filter>
    <Filter Include="Source Files\gui">
      <UniqueIdentifier>85AA3D7A-ABBB-07E8-C9BE-1E73FC693D24</UniqueIdentifier>
    </Filter>
    <Filter Include="Header Files\gui\model">
      <UniqueIdentifier>28918BDF-38B6-14DD-AF75-389DD980DAF2</UniqueIdentifier>
    </Filter>
    <Filter Include="Source Files\gui\model">
      <UniqueIdentifier>CA1B3136-D9A5-5623-4DC6-DF92DD0C6B22</UniqueIdentifier>
    </Filter>
    <Filter Include="Source Files\gui\screen1_screen">
      <UniqueIdentifier>35F4BA07-D516-F1FA-1356-FC618CAD0E5E</UniqueIdentifier>
    </Filter>
    <Filter Include="Header Files\generated\gui_generated">
      <UniqueIdentifier>44024A17-979C-7A52-D0D8-A7502000A8BB</UniqueIdentifier>
    </Filter>
    <Filter Include="Header Files\gui\common">
      <UniqueIdentifier>2A99E801-AEC0-63F4-1D6B-5070684EA5C8</UniqueIdentifier>
    </Filter>
    <Filter Include="Header Files\gui\screen1_screen">
      <UniqueIdentifier>C408C0AC-C714-7F26-64B0-1F75315B3CF2</UniqueIdentifier>
    </Filter>
    <Filter Include="Source Files\generated\gui_generated">
      <UniqueIdentifier>36AF1A4D-3D35-BF50-4E1B-15FADACEF7AA</UniqueIdentifier>
    </Filter>
    <Filter Include="Source Files\gui\common">
      <UniqueIdentifier>83C65C1F-AAB3-38C5-113F-E8F4C7B4DBF7</UniqueIdentifier>
    </Filter>
    <Filter Include="Source Files\generated\gui_generated\screen1_screen">
      <UniqueIdentifier>E26D5DBA-ECD0-68B5-4DB3-166E2ED26F16</UniqueIdentifier>
    </Filter>
    <Filter Include="Header Files\generated\gui_generated\screen1_screen">
      <UniqueIdentifier>6844FD3B-F291-8E7A-4091-C07FDC443761</UniqueIdentifier>
    </Filter>
    <Filter Include="Header Files\generated\simulator\include">
      <UniqueIdentifier>3A585E4B-656C-8ABF-D683-F96FB8B00D41</UniqueIdentifier>
    </Filter>
    <Filter Include="Header Files\generated\gui_generated\common">
      <UniqueIdentifier>56B33DF3-5D37-B041-163B-D0B47A6B5AFF</UniqueIdentifier>
    </Filter>
    <Filter Include="Source Files\generated\gui_generated\common">
      <UniqueIdentifier>E4CFF6C9-2D2F-95A3-C63D-D2B09697F509</UniqueIdentifier>
    </Filter>
    <Filter Include="Source Files\generated\simulator\video">
      <UniqueIdentifier>86FBBB59-D89C-EB67-DBB0-1DE83534FEC7</UniqueIdentifier>
    </Filter>
    <Filter Include="Header Files\generated\simulator\include\simulator">
      <UniqueIdentifier>AA0143AB-DDEE-E372-3F4F-E61D5E572482</UniqueIdentifier>
    </Filter>
    <Filter Include="Header Files\generated\simulator\include\simulator\video">
      <UniqueIdentifier>D8E24485-6553-45B2-A0AD-0DC916C57911</UniqueIdentifier>
    </Filter>
    <Filter Include="Source Files\gui\screen2_screen">
      <UniqueIdentifier>09204284-2DA3-BBCD-0D2E-2302301192CC</UniqueIdentifier>
    </Filter>
    <Filter Include="Header Files\gui\screen2_screen">
      <UniqueIdentifier>865D9C9E-5413-FC80-B1DE-1EB108CD0644</UniqueIdentifier>
    </Filter>
    <Filter Include="Source Files\generated\gui_generated\screen2_screen">
      <UniqueIdentifier>E6B67266-D3DB-1E97-B44B-6A58C21DCC60</UniqueIdentifier>
    </Filter>
    <Filter Include="Header Files\generated\gui_generated\screen2_screen">
      <UniqueIdentifier>18CBF7D3-04B8-3402-D0B8-F77D28348547</UniqueIdentifier>
    </Filter>
    <Filter Include="Header Files\gui\markerhistory_screen">
      <UniqueIdentifier>D2523901-0549-8907-F5B5-BEBFF65F104D</UniqueIdentifier>
    </Filter>
    <Filter Include="Source Files\gui\markerhistory_screen">
      <UniqueIdentifier>7C95C791-4887-27B2-DEF7-B62D88BFBDC9</UniqueIdentifier>
    </Filter>
    <Filter Include="Header Files\generated\gui_generated\markerhistory_screen">
      <UniqueIdentifier>8BCB4797-9E75-1CEC-3EB9-F8948E22E0D1</UniqueIdentifier>
    </Filter>
    <Filter Include="Source Files\generated\gui_generated\markerhistory_screen">
      <UniqueIdentifier>E5AC7591-0098-584B-6169-E83CF32ACE9A</UniqueIdentifier>
    </Filter>
    <Filter Include="Header Files\gui\containers">
      <UniqueIdentifier>A1B36244-5FE1-533B-41F9-A20DED60CCE7</UniqueIdentifier>
    </Filter>
    <Filter Include="Source Files\gui\containers">
      <UniqueIdentifier>F1D7B7AA-EF20-4776-5336-C9E8A2BE4FE5</UniqueIdentifier>
    </Filter>
    <Filter Include="Source Files\generated\gui_generated\containers">
      <UniqueIdentifier>7D3ACD8D-65EE-D368-0CFC-C1F8DBB97DA4</UniqueIdentifier>
    </Filter>
    <Filter Include="Header Files\generated\gui_generated\containers">
      <UniqueIdentifier>B3048A69-B6FE-418A-B279-4413B9A8FCEE</UniqueIdentifier>
    </Filter>
    <Filter Include="Header Files\gui\sub_information_screen">
      <UniqueIdentifier>A448A8D3-7F10-C93A-374F-005137A77FCF</UniqueIdentifier>
    </Filter>
    <Filter Include="Source Files\gui\sub_information_screen">
      <UniqueIdentifier>E105A326-31D0-2287-377A-C91A922B8267</UniqueIdentifier>
    </Filter>
    <Filter Include="Header Files\gui\mainboard_screen">
      <UniqueIdentifier>BE70FAD6-8E6B-0328-EDFB-B7F55D6422FD</UniqueIdentifier>
    </Filter>
    <Filter Include="Source Files\gui\mainboard_screen">
      <UniqueIdentifier>3834D043-1A05-17A1-6511-198EFB673455</UniqueIdentifier>
    </Filter>
    <Filter Include="Source Files\generated\gui_generated\sub_information_screen">
      <UniqueIdentifier>D3B540A1-2517-B8ED-22C3-EB8254D20EF0</UniqueIdentifier>
    </Filter>
    <Filter Include="Source Files\generated\gui_generated\mainboard_screen">
      <UniqueIdentifier>838921AD-9239-F405-7F22-87642A0224D5</UniqueIdentifier>
    </Filter>
    <Filter Include="Header Files\generated\gui_generated\mainboard_screen">
      <UniqueIdentifier>885E1F40-4609-7D9F-7643-EB2308CBC238</UniqueIdentifier>
    </Filter>
    <Filter Include="Header Files\generated\gui_generated\sub_information_screen">
      <UniqueIdentifier>A0A59080-CE12-AD77-7A21-3B61395F9CAD</UniqueIdentifier>
    </Filter>
    <Filter Include="Header Files\gui\sub_busload_can_screen">
      <UniqueIdentifier>A710654F-A5BA-C92F-1578-373F5D648FF4</UniqueIdentifier>
    </Filter>
    <Filter Include="Source Files\gui\sub_busload_can_screen">
      <UniqueIdentifier>61F7248B-5B9A-88F3-C5BA-F926AD0BB11E</UniqueIdentifier>
    </Filter>
    <Filter Include="Source Files\gui\sub_busload_eth_screen">
      <UniqueIdentifier>0A322F5E-F61F-1DD9-5F63-EB9D7A2584FB</UniqueIdentifier>
    </Filter>
    <Filter Include="Header Files\gui\sub_busload_eth_screen">
      <UniqueIdentifier>F6311994-AA1E-0BF5-6C66-728FAD040092</UniqueIdentifier>
    </Filter>
    <Filter Include="Source Files\gui\sub_busload_flexray_screen">
      <UniqueIdentifier>E87D1153-48D7-79E8-90B0-0E46B6B40CF9</UniqueIdentifier>
    </Filter>
    <Filter Include="Header Files\gui\sub_busload_flexray_screen">
      <UniqueIdentifier>DEBEBE7C-ED15-81A6-D3B8-907F0FBB6222</UniqueIdentifier>
    </Filter>
    <Filter Include="Header Files\gui\sub_busload_uart_screen">
      <UniqueIdentifier>AF14FA04-CED6-B220-59AD-E16847631F10</UniqueIdentifier>
    </Filter>
    <Filter Include="Source Files\gui\sub_busload_lin_screen">
      <UniqueIdentifier>984F9322-904D-C41F-695E-F76CEFA73AF2</UniqueIdentifier>
    </Filter>
    <Filter Include="Source Files\gui\sub_busload_uart_screen">
      <UniqueIdentifier>50696D15-3945-A287-9178-B23F770D314C</UniqueIdentifier>
    </Filter>
    <Filter Include="Header Files\gui\sub_busload_lin_screen">
      <UniqueIdentifier>D2F46A4B-20BB-FECA-B370-406B5A107ADE</UniqueIdentifier>
    </Filter>
    <Filter Include="Header Files\generated\gui_generated\sub_busload_lin_screen">
      <UniqueIdentifier>033820DC-00A4-F167-A9D7-A99EA1933523</UniqueIdentifier>
    </Filter>
    <Filter Include="Source Files\generated\gui_generated\sub_busload_lin_screen">
      <UniqueIdentifier>E5B9FECE-2623-3F86-611F-D871D7692964</UniqueIdentifier>
    </Filter>
    <Filter Include="Source Files\generated\gui_generated\sub_busload_flexray_screen">
      <UniqueIdentifier>8B116C84-AB48-4898-B05E-DE3F2CBBB12A</UniqueIdentifier>
    </Filter>
    <Filter Include="Source Files\generated\gui_generated\sub_busload_uart_screen">
      <UniqueIdentifier>E2EA5E04-FEE8-E6EE-1808-BE35B58E97F9</UniqueIdentifier>
    </Filter>
    <Filter Include="Header Files\generated\gui_generated\sub_busload_eth_screen">
      <UniqueIdentifier>445DB0A0-AF06-F9B7-7D0C-B225AB0D22E9</UniqueIdentifier>
    </Filter>
    <Filter Include="Source Files\generated\gui_generated\sub_busload_eth_screen">
      <UniqueIdentifier>6E44C614-83C4-CA8B-1A6D-EAFCD0261473</UniqueIdentifier>
    </Filter>
    <Filter Include="Header Files\generated\gui_generated\sub_busload_uart_screen">
      <UniqueIdentifier>7F1A9B07-381F-9988-1AF6-2ECA3CBB69D7</UniqueIdentifier>
    </Filter>
    <Filter Include="Header Files\generated\gui_generated\sub_busload_can_screen">
      <UniqueIdentifier>EA583F51-E442-176C-AE49-710F97B60C74</UniqueIdentifier>
    </Filter>
    <Filter Include="Source Files\generated\gui_generated\sub_busload_can_screen">
      <UniqueIdentifier>B9BFEA67-5911-F0D5-2787-0A7D296DED8A</UniqueIdentifier>
    </Filter>
    <Filter Include="Header Files\generated\gui_generated\sub_busload_flexray_screen">
      <UniqueIdentifier>5C1ED785-801E-B6A6-11E8-FC16BCCB2D87</UniqueIdentifier>
    </Filter>
    <Filter Include="Header Files\gui\sub_network_port4_screen">
      <UniqueIdentifier>D523A972-2631-14D8-CB5C-C164AF5C86C4</UniqueIdentifier>
    </Filter>
    <Filter Include="Source Files\gui\sub_network_port4_screen">
      <UniqueIdentifier>39827D1A-E08A-A427-935E-C28E75146A77</UniqueIdentifier>
    </Filter>
    <Filter Include="Source Files\gui\sub_network_wlan_screen">
      <UniqueIdentifier>D98D0DAA-62E5-2B20-AEA9-D538DEF0DF60</UniqueIdentifier>
    </Filter>
    <Filter Include="Source Files\gui\sub_network_port1_screen">
      <UniqueIdentifier>707DA625-5BCF-A491-7B64-FB8EF76EA573</UniqueIdentifier>
    </Filter>
    <Filter Include="Header Files\gui\sub_network_port1_screen">
      <UniqueIdentifier>60E3E312-5336-A55E-7B83-45B6135092EF</UniqueIdentifier>
    </Filter>
    <Filter Include="Header Files\gui\sub_network_wlan_screen">
      <UniqueIdentifier>C4C837EA-E5CD-D342-D47D-58579DBB012B</UniqueIdentifier>
    </Filter>
    <Filter Include="Source Files\gui\sub_network_port2_screen">
      <UniqueIdentifier>3B402E6E-55FB-9F9F-94FE-1C15A586172E</UniqueIdentifier>
    </Filter>
    <Filter Include="Header Files\gui\sub_network_port2_screen">
      <UniqueIdentifier>A90E85DC-23C4-347E-7B80-AA95DA0A792B</UniqueIdentifier>
    </Filter>
    <Filter Include="Source Files\gui\sub_network_port3_screen">
      <UniqueIdentifier>93F56472-993E-3A94-2B46-D8BF873107C5</UniqueIdentifier>
    </Filter>
    <Filter Include="Header Files\gui\sub_network_port3_screen">
      <UniqueIdentifier>636007B4-9214-B9AA-3955-C2229A02225C</UniqueIdentifier>
    </Filter>
    <Filter Include="Header Files\generated\gui_generated\sub_network_port2_screen">
      <UniqueIdentifier>0F740265-DDC2-36A4-5F4A-0F526CE7C908</UniqueIdentifier>
    </Filter>
    <Filter Include="Source Files\generated\gui_generated\sub_network_port3_screen">
      <UniqueIdentifier>A902CA7F-4846-1637-2E1A-F767E3725EEF</UniqueIdentifier>
    </Filter>
    <Filter Include="Source Files\generated\gui_generated\sub_network_port2_screen">
      <UniqueIdentifier>87F8B490-77BD-8B26-7530-66108B094B24</UniqueIdentifier>
    </Filter>
    <Filter Include="Header Files\generated\gui_generated\sub_network_port1_screen">
      <UniqueIdentifier>C0C35836-E10A-962F-4C18-B3F99012521A</UniqueIdentifier>
    </Filter>
    <Filter Include="Header Files\generated\gui_generated\sub_network_port3_screen">
      <UniqueIdentifier>640002F5-C342-2A2D-031B-520187A513D5</UniqueIdentifier>
    </Filter>
    <Filter Include="Source Files\generated\gui_generated\sub_network_port1_screen">
      <UniqueIdentifier>E643F9CD-D457-CEB2-6DEA-0EBC835BF6A0</UniqueIdentifier>
    </Filter>
    <Filter Include="Source Files\generated\gui_generated\sub_network_port4_screen">
      <UniqueIdentifier>561D4B10-AD1C-60E6-1937-E32F3AC18A92</UniqueIdentifier>
    </Filter>
    <Filter Include="Header Files\generated\gui_generated\sub_network_port4_screen">
      <UniqueIdentifier>4CBF8D24-AC40-8D62-9BD3-C93754FDDAD1</UniqueIdentifier>
    </Filter>
    <Filter Include="Source Files\generated\gui_generated\sub_network_wlan_screen">
      <UniqueIdentifier>D139B62F-40F4-C572-6E7B-F95DA35F2943</UniqueIdentifier>
    </Filter>
    <Filter Include="Header Files\generated\gui_generated\sub_network_wlan_screen">
      <UniqueIdentifier>CB263CEE-BD0F-1A82-75FA-8AA0DD444A3F</UniqueIdentifier>
    </Filter>
  </ItemGroup>
  <ItemGroup>
    <ClCompile Include="$(TouchGFXReleasePath)\framework\source\platform\driver\touch\SDL2TouchController.cpp">
      <Filter>Source Files\TouchGFX\platform\driver\touch</Filter>
    </ClCompile>
    <ClCompile Include="$(TouchGFXReleasePath)\framework\source\platform\hal\simulator\sdl2\HALSDL2.cpp">
      <Filter>Source Files\TouchGFX\platform\hal\simulator\sdl2</Filter>
    </ClCompile>
    <ClCompile Include="$(TouchGFXReleasePath)\framework\source\platform\hal\simulator\sdl2\HALSDL2_icon.cpp">
      <Filter>Source Files\TouchGFX\platform\hal\simulator\sdl2</Filter>
    </ClCompile>
    <ClCompile Include="$(TouchGFXReleasePath)\framework\source\platform\hal\simulator\sdl2\OSWrappers.cpp">
      <Filter>Source Files\TouchGFX\platform\hal\simulator\sdl2</Filter>
    </ClCompile>
    <ClCompile Include="$(ApplicationRoot)\simulator\main.cpp">
      <Filter>Source Files\simulator</Filter>
    </ClCompile>
    <ClCompile Include="$(ApplicationRoot)\generated\simulator\src\mainBase.cpp">
      <Filter>Source Files\generated\simulator</Filter>
    </ClCompile>
    <ClCompile Include="..\..\gui\src\common\FrontendApplication.cpp">
      <Filter>Source Files\gui\common</Filter>
    </ClCompile>
    <ClCompile Include="..\..\generated\gui_generated\src\common\FrontendApplicationBase.cpp">
      <Filter>Source Files\generated\gui_generated\common</Filter>
    </ClCompile>
    <ClCompile Include="..\..\gui\src\model\Model.cpp">
      <Filter>Source Files\gui\model</Filter>
    </ClCompile>
    <ClCompile Include="..\..\gui\src\screen1_screen\Screen1Presenter.cpp">
      <Filter>Source Files\gui\screen1_screen</Filter>
    </ClCompile>
    <ClCompile Include="..\..\gui\src\screen1_screen\Screen1View.cpp">
      <Filter>Source Files\gui\screen1_screen</Filter>
    </ClCompile>
    <ClCompile Include="..\..\generated\gui_generated\src\screen1_screen\Screen1ViewBase.cpp">
      <Filter>Source Files\generated\gui_generated\screen1_screen</Filter>
    </ClCompile>
    <ClCompile Include="..\..\generated\simulator\src\video\SoftwareMJPEGDecoder.cpp">
      <Filter>Source Files\generated\simulator\video</Filter>
    </ClCompile>
    <ClCompile Include="..\..\gui\src\screen2_screen\Screen2Presenter.cpp">
      <Filter>Source Files\gui\screen2_screen</Filter>
    </ClCompile>
    <ClCompile Include="..\..\gui\src\screen2_screen\Screen2View.cpp">
      <Filter>Source Files\gui\screen2_screen</Filter>
    </ClCompile>
    <ClCompile Include="..\..\generated\gui_generated\src\screen2_screen\Screen2ViewBase.cpp">
      <Filter>Source Files\generated\gui_generated\screen2_screen</Filter>
    </ClCompile>
    <ClCompile Include="..\..\gui\src\markerhistory_screen\MarkerHistoryPresenter.cpp">
      <Filter>Source Files\gui\markerhistory_screen</Filter>
    </ClCompile>
    <ClCompile Include="..\..\gui\src\markerhistory_screen\MarkerHistoryView.cpp">
      <Filter>Source Files\gui\markerhistory_screen</Filter>
    </ClCompile>
    <ClCompile Include="..\..\generated\gui_generated\src\markerhistory_screen\MarkerHistoryViewBase.cpp">
      <Filter>Source Files\generated\gui_generated\markerhistory_screen</Filter>
    </ClCompile>
    <ClCompile Include="..\..\gui\src\containers\CustomContainer1.cpp">
      <Filter>Source Files\gui\containers</Filter>
    </ClCompile>
    <ClCompile Include="..\..\generated\gui_generated\src\containers\CustomContainer1Base.cpp">
      <Filter>Source Files\generated\gui_generated\containers</Filter>
    </ClCompile>
    <ClCompile Include="..\..\gui\src\mainboard_screen\MainBoardPresenter.cpp">
      <Filter>Source Files\gui\mainboard_screen</Filter>
    </ClCompile>
    <ClCompile Include="..\..\gui\src\mainboard_screen\MainBoardView.cpp">
      <Filter>Source Files\gui\mainboard_screen</Filter>
    </ClCompile>
    <ClCompile Include="..\..\generated\gui_generated\src\mainboard_screen\MainBoardViewBase.cpp">
      <Filter>Source Files\generated\gui_generated\mainboard_screen</Filter>
    </ClCompile>
    <ClCompile Include="..\..\gui\src\sub_information_screen\sub_InformationPresenter.cpp">
      <Filter>Source Files\gui\sub_information_screen</Filter>
    </ClCompile>
    <ClCompile Include="..\..\gui\src\sub_information_screen\sub_InformationView.cpp">
      <Filter>Source Files\gui\sub_information_screen</Filter>
    </ClCompile>
    <ClCompile Include="..\..\generated\gui_generated\src\sub_information_screen\sub_InformationViewBase.cpp">
      <Filter>Source Files\generated\gui_generated\sub_information_screen</Filter>
    </ClCompile>
    <ClCompile Include="..\..\gui\src\sub_busload_can_screen\sub_Busload_CANPresenter.cpp">
      <Filter>Source Files\gui\sub_busload_can_screen</Filter>
    </ClCompile>
    <ClCompile Include="..\..\gui\src\sub_busload_can_screen\sub_Busload_CANView.cpp">
      <Filter>Source Files\gui\sub_busload_can_screen</Filter>
    </ClCompile>
    <ClCompile Include="..\..\generated\gui_generated\src\sub_busload_can_screen\sub_Busload_CANViewBase.cpp">
      <Filter>Source Files\generated\gui_generated\sub_busload_can_screen</Filter>
    </ClCompile>
    <ClCompile Include="..\..\gui\src\sub_busload_eth_screen\sub_Busload_ETHPresenter.cpp">
      <Filter>Source Files\gui\sub_busload_eth_screen</Filter>
    </ClCompile>
    <ClCompile Include="..\..\gui\src\sub_busload_eth_screen\sub_Busload_ETHView.cpp">
      <Filter>Source Files\gui\sub_busload_eth_screen</Filter>
    </ClCompile>
    <ClCompile Include="..\..\generated\gui_generated\src\sub_busload_eth_screen\sub_Busload_ETHViewBase.cpp">
      <Filter>Source Files\generated\gui_generated\sub_busload_eth_screen</Filter>
    </ClCompile>
    <ClCompile Include="..\..\gui\src\sub_busload_flexray_screen\sub_Busload_FlexrayPresenter.cpp">
      <Filter>Source Files\gui\sub_busload_flexray_screen</Filter>
    </ClCompile>
    <ClCompile Include="..\..\gui\src\sub_busload_flexray_screen\sub_Busload_FlexrayView.cpp">
      <Filter>Source Files\gui\sub_busload_flexray_screen</Filter>
    </ClCompile>
    <ClCompile Include="..\..\generated\gui_generated\src\sub_busload_flexray_screen\sub_Busload_FlexrayViewBase.cpp">
      <Filter>Source Files\generated\gui_generated\sub_busload_flexray_screen</Filter>
    </ClCompile>
    <ClCompile Include="..\..\gui\src\sub_busload_lin_screen\sub_Busload_LINPresenter.cpp">
      <Filter>Source Files\gui\sub_busload_lin_screen</Filter>
    </ClCompile>
    <ClCompile Include="..\..\gui\src\sub_busload_lin_screen\sub_Busload_LINView.cpp">
      <Filter>Source Files\gui\sub_busload_lin_screen</Filter>
    </ClCompile>
    <ClCompile Include="..\..\generated\gui_generated\src\sub_busload_lin_screen\sub_Busload_LINViewBase.cpp">
      <Filter>Source Files\generated\gui_generated\sub_busload_lin_screen</Filter>
    </ClCompile>
    <ClCompile Include="..\..\gui\src\sub_busload_uart_screen\sub_Busload_UARTPresenter.cpp">
      <Filter>Source Files\gui\sub_busload_uart_screen</Filter>
    </ClCompile>
    <ClCompile Include="..\..\gui\src\sub_busload_uart_screen\sub_Busload_UARTView.cpp">
      <Filter>Source Files\gui\sub_busload_uart_screen</Filter>
    </ClCompile>
    <ClCompile Include="..\..\generated\gui_generated\src\sub_busload_uart_screen\sub_Busload_UARTViewBase.cpp">
      <Filter>Source Files\generated\gui_generated\sub_busload_uart_screen</Filter>
    </ClCompile>
    <ClCompile Include="..\..\gui\src\sub_network_port1_screen\sub_Network_Port1Presenter.cpp">
      <Filter>Source Files\gui\sub_network_port1_screen</Filter>
    </ClCompile>
    <ClCompile Include="..\..\gui\src\sub_network_port1_screen\sub_Network_Port1View.cpp">
      <Filter>Source Files\gui\sub_network_port1_screen</Filter>
    </ClCompile>
    <ClCompile Include="..\..\generated\gui_generated\src\sub_network_port1_screen\sub_Network_Port1ViewBase.cpp">
      <Filter>Source Files\generated\gui_generated\sub_network_port1_screen</Filter>
    </ClCompile>
    <ClCompile Include="..\..\gui\src\sub_network_port2_screen\sub_Network_Port2Presenter.cpp">
      <Filter>Source Files\gui\sub_network_port2_screen</Filter>
    </ClCompile>
    <ClCompile Include="..\..\gui\src\sub_network_port2_screen\sub_Network_Port2View.cpp">
      <Filter>Source Files\gui\sub_network_port2_screen</Filter>
    </ClCompile>
    <ClCompile Include="..\..\generated\gui_generated\src\sub_network_port2_screen\sub_Network_Port2ViewBase.cpp">
      <Filter>Source Files\generated\gui_generated\sub_network_port2_screen</Filter>
    </ClCompile>
    <ClCompile Include="..\..\gui\src\sub_network_port3_screen\sub_Network_Port3Presenter.cpp">
      <Filter>Source Files\gui\sub_network_port3_screen</Filter>
    </ClCompile>
    <ClCompile Include="..\..\gui\src\sub_network_port3_screen\sub_Network_Port3View.cpp">
      <Filter>Source Files\gui\sub_network_port3_screen</Filter>
    </ClCompile>
    <ClCompile Include="..\..\generated\gui_generated\src\sub_network_port3_screen\sub_Network_Port3ViewBase.cpp">
      <Filter>Source Files\generated\gui_generated\sub_network_port3_screen</Filter>
    </ClCompile>
    <ClCompile Include="..\..\gui\src\sub_network_port4_screen\sub_Network_Port4Presenter.cpp">
      <Filter>Source Files\gui\sub_network_port4_screen</Filter>
    </ClCompile>
    <ClCompile Include="..\..\gui\src\sub_network_port4_screen\sub_Network_Port4View.cpp">
      <Filter>Source Files\gui\sub_network_port4_screen</Filter>
    </ClCompile>
    <ClCompile Include="..\..\generated\gui_generated\src\sub_network_port4_screen\sub_Network_Port4ViewBase.cpp">
      <Filter>Source Files\generated\gui_generated\sub_network_port4_screen</Filter>
    </ClCompile>
    <ClCompile Include="..\..\gui\src\sub_network_wlan_screen\sub_Network_WLANPresenter.cpp">
      <Filter>Source Files\gui\sub_network_wlan_screen</Filter>
    </ClCompile>
    <ClCompile Include="..\..\gui\src\sub_network_wlan_screen\sub_Network_WLANView.cpp">
      <Filter>Source Files\gui\sub_network_wlan_screen</Filter>
    </ClCompile>
    <ClCompile Include="..\..\generated\gui_generated\src\sub_network_wlan_screen\sub_Network_WLANViewBase.cpp">
      <Filter>Source Files\generated\gui_generated\sub_network_wlan_screen</Filter>
    </ClCompile>
  </ItemGroup>
  <ItemGroup>
    <None Include="$(ApplicationRoot)\assets\texts\texts.xml">
      <Filter>Resource Files\assets\texts</Filter>
    </None>
    <None Include="$(ApplicationRoot)\config\msvs\Application.props">
      <Filter>Resource Files\config\msvs</Filter>
    </None>
  </ItemGroup>
  <ItemGroup>
    <ClInclude Include="$(TouchGFXReleasePath)\framework\include\common\AbstractPartition.hpp">
      <Filter>Header Files\TouchGFX\common</Filter>
    </ClInclude>
    <ClInclude Include="$(TouchGFXReleasePath)\framework\include\common\Meta.hpp">
      <Filter>Header Files\TouchGFX\common</Filter>
    </ClInclude>
    <ClInclude Include="$(TouchGFXReleasePath)\framework\include\common\Partition.hpp">
      <Filter>Header Files\TouchGFX\common</Filter>
    </ClInclude>
    <ClInclude Include="$(TouchGFXReleasePath)\framework\include\common\TouchGFXInit.hpp">
      <Filter>Header Files\TouchGFX\common</Filter>
    </ClInclude>
    <ClInclude Include="$(TouchGFXReleasePath)\framework\include\mvp\MVPApplication.hpp">
      <Filter>Header Files\TouchGFX\mvp</Filter>
    </ClInclude>
    <ClInclude Include="$(TouchGFXReleasePath)\framework\include\mvp\MVPHeap.hpp">
      <Filter>Header Files\TouchGFX\mvp</Filter>
    </ClInclude>
    <ClInclude Include="$(TouchGFXReleasePath)\framework\include\mvp\Presenter.hpp">
      <Filter>Header Files\TouchGFX\mvp</Filter>
    </ClInclude>
    <ClInclude Include="$(TouchGFXReleasePath)\framework\include\mvp\View.hpp">
      <Filter>Header Files\TouchGFX\mvp</Filter>
    </ClInclude>
    <ClInclude Include="$(TouchGFXReleasePath)\framework\include\platform\driver\lcd\LCD16bpp.hpp">
      <Filter>Header Files\TouchGFX\platform\driver\lcd</Filter>
    </ClInclude>
    <ClInclude Include="$(TouchGFXReleasePath)\framework\include\platform\driver\lcd\LCD1bpp.hpp">
      <Filter>Header Files\TouchGFX\platform\driver\lcd</Filter>
    </ClInclude>
    <ClInclude Include="$(TouchGFXReleasePath)\framework\include\platform\driver\lcd\LCD24bpp.hpp">
      <Filter>Header Files\TouchGFX\platform\driver\lcd</Filter>
    </ClInclude>
    <ClInclude Include="$(TouchGFXReleasePath)\framework\include\platform\driver\lcd\LCD2bpp.hpp">
      <Filter>Header Files\TouchGFX\platform\driver\lcd</Filter>
    </ClInclude>
    <ClInclude Include="$(TouchGFXReleasePath)\framework\include\platform\driver\lcd\LCD4bpp.hpp">
      <Filter>Header Files\TouchGFX\platform\driver\lcd</Filter>
    </ClInclude>
    <ClInclude Include="$(TouchGFXReleasePath)\framework\include\platform\driver\touch\SDL2TouchController.hpp">
      <Filter>Header Files\TouchGFX\platform\driver\touch</Filter>
    </ClInclude>
    <ClInclude Include="$(TouchGFXReleasePath)\framework\include\platform\hal\simulator\sdl2\HALSDL2.hpp">
      <Filter>Header Files\TouchGFX\platform\hal\simulator\sdl2</Filter>
    </ClInclude>
    <ClInclude Include="$(TouchGFXReleasePath)\framework\include\touchgfx\Application.hpp">
      <Filter>Header Files\TouchGFX\touchgfx</Filter>
    </ClInclude>
    <ClInclude Include="$(TouchGFXReleasePath)\framework\include\touchgfx\Bitmap.hpp">
      <Filter>Header Files\TouchGFX\touchgfx</Filter>
    </ClInclude>
    <ClInclude Include="$(TouchGFXReleasePath)\framework\include\touchgfx\Callback.hpp">
      <Filter>Header Files\TouchGFX\touchgfx</Filter>
    </ClInclude>
    <ClInclude Include="$(TouchGFXReleasePath)\framework\include\touchgfx\canvas_widget_renderer\CanvasWidgetRenderer.hpp">
      <Filter>Header Files\TouchGFX\touchgfx\canvas_widget_renderer</Filter>
    </ClInclude>
    <ClInclude Include="$(TouchGFXReleasePath)\framework\include\touchgfx\canvas_widget_renderer\Cell.hpp">
      <Filter>Header Files\TouchGFX\touchgfx\canvas_widget_renderer</Filter>
    </ClInclude>
    <ClInclude Include="$(TouchGFXReleasePath)\framework\include\touchgfx\canvas_widget_renderer\Outline.hpp">
      <Filter>Header Files\TouchGFX\touchgfx\canvas_widget_renderer</Filter>
    </ClInclude>
    <ClInclude Include="$(TouchGFXReleasePath)\framework\include\touchgfx\canvas_widget_renderer\Rasterizer.hpp">
      <Filter>Header Files\TouchGFX\touchgfx\canvas_widget_renderer</Filter>
    </ClInclude>
    <ClInclude Include="$(TouchGFXReleasePath)\framework\include\touchgfx\canvas_widget_renderer\Renderer.hpp">
      <Filter>Header Files\TouchGFX\touchgfx\canvas_widget_renderer</Filter>
    </ClInclude>
    <ClInclude Include="$(TouchGFXReleasePath)\framework\include\touchgfx\canvas_widget_renderer\RenderingBuffer.hpp">
      <Filter>Header Files\TouchGFX\touchgfx\canvas_widget_renderer</Filter>
    </ClInclude>
    <ClInclude Include="$(TouchGFXReleasePath)\framework\include\touchgfx\canvas_widget_renderer\RGBA8.hpp">
      <Filter>Header Files\TouchGFX\touchgfx\canvas_widget_renderer</Filter>
    </ClInclude>
    <ClInclude Include="$(TouchGFXReleasePath)\framework\include\touchgfx\canvas_widget_renderer\Scanline.hpp">
      <Filter>Header Files\TouchGFX\touchgfx\canvas_widget_renderer</Filter>
    </ClInclude>
    <ClInclude Include="$(TouchGFXReleasePath)\framework\include\touchgfx\Color.hpp">
      <Filter>Header Files\TouchGFX\touchgfx</Filter>
    </ClInclude>
    <ClInclude Include="$(TouchGFXReleasePath)\framework\include\touchgfx\ConstFont.hpp">
      <Filter>Header Files\TouchGFX\touchgfx</Filter>
    </ClInclude>
    <ClInclude Include="$(TouchGFXReleasePath)\framework\include\touchgfx\containers\clock\AbstractClock.hpp">
      <Filter>Header Files\TouchGFX\touchgfx\containers\clock</Filter>
    </ClInclude>
    <ClInclude Include="$(TouchGFXReleasePath)\framework\include\touchgfx\containers\clock\AnalogClock.hpp">
      <Filter>Header Files\TouchGFX\touchgfx\containers\clock</Filter>
    </ClInclude>
    <ClInclude Include="$(TouchGFXReleasePath)\framework\include\touchgfx\containers\clock\DigitalClock.hpp">
      <Filter>Header Files\TouchGFX\touchgfx\containers\clock</Filter>
    </ClInclude>
    <ClInclude Include="$(TouchGFXReleasePath)\framework\include\touchgfx\containers\Container.hpp">
      <Filter>Header Files\TouchGFX\touchgfx\containers</Filter>
    </ClInclude>
    <ClInclude Include="$(TouchGFXReleasePath)\framework\include\touchgfx\containers\ListLayout.hpp">
      <Filter>Header Files\TouchGFX\touchgfx\containers</Filter>
    </ClInclude>
    <ClInclude Include="$(TouchGFXReleasePath)\framework\include\touchgfx\containers\ModalWindow.hpp">
      <Filter>Header Files\TouchGFX\touchgfx\containers</Filter>
    </ClInclude>
    <ClInclude Include="$(TouchGFXReleasePath)\framework\include\touchgfx\containers\progress_indicators\AbstractDirectionProgress.hpp">
      <Filter>Header Files\TouchGFX\touchgfx\containers\progress_indicators</Filter>
    </ClInclude>
    <ClInclude Include="$(TouchGFXReleasePath)\framework\include\touchgfx\containers\progress_indicators\AbstractProgressIndicator.hpp">
      <Filter>Header Files\TouchGFX\touchgfx\containers\progress_indicators</Filter>
    </ClInclude>
    <ClInclude Include="$(TouchGFXReleasePath)\framework\include\touchgfx\containers\progress_indicators\BoxProgress.hpp">
      <Filter>Header Files\TouchGFX\touchgfx\containers\progress_indicators</Filter>
    </ClInclude>
    <ClInclude Include="$(TouchGFXReleasePath)\framework\include\touchgfx\containers\progress_indicators\CircleProgress.hpp">
      <Filter>Header Files\TouchGFX\touchgfx\containers\progress_indicators</Filter>
    </ClInclude>
    <ClInclude Include="$(TouchGFXReleasePath)\framework\include\touchgfx\containers\progress_indicators\ImageProgress.hpp">
      <Filter>Header Files\TouchGFX\touchgfx\containers\progress_indicators</Filter>
    </ClInclude>
    <ClInclude Include="$(TouchGFXReleasePath)\framework\include\touchgfx\containers\progress_indicators\LineProgress.hpp">
      <Filter>Header Files\TouchGFX\touchgfx\containers\progress_indicators</Filter>
    </ClInclude>
    <ClInclude Include="$(TouchGFXReleasePath)\framework\include\touchgfx\containers\progress_indicators\TextProgress.hpp">
      <Filter>Header Files\TouchGFX\touchgfx\containers\progress_indicators</Filter>
    </ClInclude>
    <ClInclude Include="$(TouchGFXReleasePath)\framework\include\touchgfx\containers\ScrollableContainer.hpp">
      <Filter>Header Files\TouchGFX\touchgfx\containers</Filter>
    </ClInclude>
    <ClInclude Include="$(TouchGFXReleasePath)\framework\include\touchgfx\containers\SlideMenu.hpp">
      <Filter>Header Files\TouchGFX\touchgfx\containers</Filter>
    </ClInclude>
    <ClInclude Include="$(TouchGFXReleasePath)\framework\include\touchgfx\containers\Slider.hpp">
      <Filter>Header Files\TouchGFX\touchgfx\containers</Filter>
    </ClInclude>
    <ClInclude Include="$(TouchGFXReleasePath)\framework\include\touchgfx\containers\ZoomAnimationImage.hpp">
      <Filter>Header Files\TouchGFX\touchgfx\containers</Filter>
    </ClInclude>
    <ClInclude Include="$(TouchGFXReleasePath)\framework\include\touchgfx\Drawable.hpp">
      <Filter>Header Files\TouchGFX\touchgfx</Filter>
    </ClInclude>
    <ClInclude Include="$(TouchGFXReleasePath)\framework\include\touchgfx\EasingEquations.hpp">
      <Filter>Header Files\TouchGFX\touchgfx</Filter>
    </ClInclude>
    <ClInclude Include="$(TouchGFXReleasePath)\framework\include\touchgfx\Event.hpp">
      <Filter>Header Files\TouchGFX\touchgfx</Filter>
    </ClInclude>
    <ClInclude Include="$(TouchGFXReleasePath)\framework\include\touchgfx\events\ClickEvent.hpp">
      <Filter>Header Files\TouchGFX\touchgfx\events</Filter>
    </ClInclude>
    <ClInclude Include="$(TouchGFXReleasePath)\framework\include\touchgfx\events\DragEvent.hpp">
      <Filter>Header Files\TouchGFX\touchgfx\events</Filter>
    </ClInclude>
    <ClInclude Include="$(TouchGFXReleasePath)\framework\include\touchgfx\events\GestureEvent.hpp">
      <Filter>Header Files\TouchGFX\touchgfx\events</Filter>
    </ClInclude>
    <ClInclude Include="$(TouchGFXReleasePath)\framework\include\touchgfx\Font.hpp">
      <Filter>Header Files\TouchGFX\touchgfx</Filter>
    </ClInclude>
    <ClInclude Include="$(TouchGFXReleasePath)\framework\include\touchgfx\FontManager.hpp">
      <Filter>Header Files\TouchGFX\touchgfx</Filter>
    </ClInclude>
    <ClInclude Include="$(TouchGFXReleasePath)\framework\include\touchgfx\hal\Atomic.hpp">
      <Filter>Header Files\TouchGFX\touchgfx\hal</Filter>
    </ClInclude>
    <ClInclude Include="$(TouchGFXReleasePath)\framework\include\touchgfx\hal\BlitOp.hpp">
      <Filter>Header Files\TouchGFX\touchgfx\hal</Filter>
    </ClInclude>
    <ClInclude Include="$(TouchGFXReleasePath)\framework\include\touchgfx\hal\BoardConfiguration.hpp">
      <Filter>Header Files\TouchGFX\touchgfx\hal</Filter>
    </ClInclude>
    <ClInclude Include="$(TouchGFXReleasePath)\framework\include\touchgfx\hal\Buttons.hpp">
      <Filter>Header Files\TouchGFX\touchgfx\hal</Filter>
    </ClInclude>
    <ClInclude Include="$(TouchGFXReleasePath)\framework\include\touchgfx\hal\Config.hpp">
      <Filter>Header Files\TouchGFX\touchgfx\hal</Filter>
    </ClInclude>
    <ClInclude Include="$(TouchGFXReleasePath)\framework\include\touchgfx\hal\DMA.hpp">
      <Filter>Header Files\TouchGFX\touchgfx\hal</Filter>
    </ClInclude>
    <ClInclude Include="$(TouchGFXReleasePath)\framework\include\touchgfx\hal\Gestures.hpp">
      <Filter>Header Files\TouchGFX\touchgfx\hal</Filter>
    </ClInclude>
    <ClInclude Include="$(TouchGFXReleasePath)\framework\include\touchgfx\hal\GPIO.hpp">
      <Filter>Header Files\TouchGFX\touchgfx\hal</Filter>
    </ClInclude>
    <ClInclude Include="$(TouchGFXReleasePath)\framework\include\touchgfx\hal\HAL.hpp">
      <Filter>Header Files\TouchGFX\touchgfx\hal</Filter>
    </ClInclude>
    <ClInclude Include="$(TouchGFXReleasePath)\framework\include\touchgfx\hal\LED.hpp">
      <Filter>Header Files\TouchGFX\touchgfx\hal</Filter>
    </ClInclude>
    <ClInclude Include="$(TouchGFXReleasePath)\framework\include\touchgfx\hal\NoDMA.hpp">
      <Filter>Header Files\TouchGFX\touchgfx\hal</Filter>
    </ClInclude>
    <ClInclude Include="$(TouchGFXReleasePath)\framework\include\touchgfx\hal\OSWrappers.hpp">
      <Filter>Header Files\TouchGFX\touchgfx\hal</Filter>
    </ClInclude>
    <ClInclude Include="$(TouchGFXReleasePath)\framework\include\touchgfx\hal\Types.hpp">
      <Filter>Header Files\TouchGFX\touchgfx\hal</Filter>
    </ClInclude>
    <ClInclude Include="$(TouchGFXReleasePath)\framework\include\touchgfx\InternalFlashFont.hpp">
      <Filter>Header Files\TouchGFX\touchgfx</Filter>
    </ClInclude>
    <ClInclude Include="$(TouchGFXReleasePath)\framework\include\touchgfx\JSMOCHelper.hpp">
      <Filter>Header Files\TouchGFX\touchgfx</Filter>
    </ClInclude>
    <ClInclude Include="$(TouchGFXReleasePath)\framework\include\touchgfx\lcd\LCD.hpp">
      <Filter>Header Files\TouchGFX\touchgfx\lcd</Filter>
    </ClInclude>
    <ClInclude Include="$(TouchGFXReleasePath)\framework\include\touchgfx\Math3D.hpp">
      <Filter>Header Files\TouchGFX\touchgfx</Filter>
    </ClInclude>
    <ClInclude Include="$(TouchGFXReleasePath)\framework\include\touchgfx\mixins\ClickListener.hpp">
      <Filter>Header Files\TouchGFX\touchgfx\mixins</Filter>
    </ClInclude>
    <ClInclude Include="$(TouchGFXReleasePath)\framework\include\touchgfx\mixins\Draggable.hpp">
      <Filter>Header Files\TouchGFX\touchgfx\mixins</Filter>
    </ClInclude>
    <ClInclude Include="$(TouchGFXReleasePath)\framework\include\touchgfx\mixins\FadeAnimator.hpp">
      <Filter>Header Files\TouchGFX\touchgfx\mixins</Filter>
    </ClInclude>
    <ClInclude Include="$(TouchGFXReleasePath)\framework\include\touchgfx\mixins\MoveAnimator.hpp">
      <Filter>Header Files\TouchGFX\touchgfx\mixins</Filter>
    </ClInclude>
    <ClInclude Include="$(TouchGFXReleasePath)\framework\include\touchgfx\mixins\PreRenderable.hpp">
      <Filter>Header Files\TouchGFX\touchgfx\mixins</Filter>
    </ClInclude>
    <ClInclude Include="$(TouchGFXReleasePath)\framework\include\touchgfx\mixins\Snapper.hpp">
      <Filter>Header Files\TouchGFX\touchgfx\mixins</Filter>
    </ClInclude>
    <ClInclude Include="$(TouchGFXReleasePath)\framework\include\touchgfx\Screen.hpp">
      <Filter>Header Files\TouchGFX\touchgfx</Filter>
    </ClInclude>
    <ClInclude Include="$(TouchGFXReleasePath)\framework\include\touchgfx\TextProvider.hpp">
      <Filter>Header Files\TouchGFX\touchgfx</Filter>
    </ClInclude>
    <ClInclude Include="$(TouchGFXReleasePath)\framework\include\touchgfx\Texts.hpp">
      <Filter>Header Files\TouchGFX\touchgfx</Filter>
    </ClInclude>
    <ClInclude Include="$(TouchGFXReleasePath)\framework\include\touchgfx\TextureMapTypes.hpp">
      <Filter>Header Files\TouchGFX\touchgfx</Filter>
    </ClInclude>
    <ClInclude Include="$(TouchGFXReleasePath)\framework\include\touchgfx\transforms\DisplayTransformation.hpp">
      <Filter>Header Files\TouchGFX\touchgfx\transforms</Filter>
    </ClInclude>
    <ClInclude Include="$(TouchGFXReleasePath)\framework\include\touchgfx\transforms\TouchCalibration.hpp">
      <Filter>Header Files\TouchGFX\touchgfx\transforms</Filter>
    </ClInclude>
    <ClInclude Include="$(TouchGFXReleasePath)\framework\include\touchgfx\transitions\NoTransition.hpp">
      <Filter>Header Files\TouchGFX\touchgfx\transitions</Filter>
    </ClInclude>
    <ClInclude Include="$(TouchGFXReleasePath)\framework\include\touchgfx\transitions\SlideTransition.hpp">
      <Filter>Header Files\TouchGFX\touchgfx\transitions</Filter>
    </ClInclude>
    <ClInclude Include="$(TouchGFXReleasePath)\framework\include\touchgfx\transitions\Transition.hpp">
      <Filter>Header Files\TouchGFX\touchgfx\transitions</Filter>
    </ClInclude>
    <ClInclude Include="$(TouchGFXReleasePath)\framework\include\touchgfx\TypedText.hpp">
      <Filter>Header Files\TouchGFX\touchgfx</Filter>
    </ClInclude>
    <ClInclude Include="$(TouchGFXReleasePath)\framework\include\touchgfx\UIEventListener.hpp">
      <Filter>Header Files\TouchGFX\touchgfx</Filter>
    </ClInclude>
    <ClInclude Include="$(TouchGFXReleasePath)\framework\include\touchgfx\Unicode.hpp">
      <Filter>Header Files\TouchGFX\touchgfx</Filter>
    </ClInclude>
    <ClInclude Include="$(TouchGFXReleasePath)\framework\include\touchgfx\Utils.hpp">
      <Filter>Header Files\TouchGFX\touchgfx</Filter>
    </ClInclude>
    <ClInclude Include="$(TouchGFXReleasePath)\framework\include\touchgfx\widgets\AbstractButton.hpp">
      <Filter>Header Files\TouchGFX\touchgfx\widgets</Filter>
    </ClInclude>
    <ClInclude Include="$(TouchGFXReleasePath)\framework\include\touchgfx\widgets\AnimatedImage.hpp">
      <Filter>Header Files\TouchGFX\touchgfx\widgets</Filter>
    </ClInclude>
    <ClInclude Include="$(TouchGFXReleasePath)\framework\include\touchgfx\widgets\AnimationTextureMapper.hpp">
      <Filter>Header Files\TouchGFX\touchgfx\widgets</Filter>
    </ClInclude>
    <ClInclude Include="$(TouchGFXReleasePath)\framework\include\touchgfx\widgets\Box.hpp">
      <Filter>Header Files\TouchGFX\touchgfx\widgets</Filter>
    </ClInclude>
    <ClInclude Include="$(TouchGFXReleasePath)\framework\include\touchgfx\widgets\Button.hpp">
      <Filter>Header Files\TouchGFX\touchgfx\widgets</Filter>
    </ClInclude>
    <ClInclude Include="$(TouchGFXReleasePath)\framework\include\touchgfx\widgets\ButtonWithIcon.hpp">
      <Filter>Header Files\TouchGFX\touchgfx\widgets</Filter>
    </ClInclude>
    <ClInclude Include="$(TouchGFXReleasePath)\framework\include\touchgfx\widgets\ButtonWithLabel.hpp">
      <Filter>Header Files\TouchGFX\touchgfx\widgets</Filter>
    </ClInclude>
    <ClInclude Include="$(TouchGFXReleasePath)\framework\include\touchgfx\widgets\canvas\AbstractPainter.hpp">
      <Filter>Header Files\TouchGFX\touchgfx\widgets\canvas</Filter>
    </ClInclude>
    <ClInclude Include="$(TouchGFXReleasePath)\framework\include\touchgfx\widgets\canvas\AbstractPainterBW.hpp">
      <Filter>Header Files\TouchGFX\touchgfx\widgets\canvas</Filter>
    </ClInclude>
    <ClInclude Include="$(TouchGFXReleasePath)\framework\include\touchgfx\widgets\canvas\AbstractPainterGRAY2.hpp">
      <Filter>Header Files\TouchGFX\touchgfx\widgets\canvas</Filter>
    </ClInclude>
    <ClInclude Include="$(TouchGFXReleasePath)\framework\include\touchgfx\widgets\canvas\AbstractPainterGRAY4.hpp">
      <Filter>Header Files\TouchGFX\touchgfx\widgets\canvas</Filter>
    </ClInclude>
    <ClInclude Include="$(TouchGFXReleasePath)\framework\include\touchgfx\widgets\canvas\AbstractPainterRGB565.hpp">
      <Filter>Header Files\TouchGFX\touchgfx\widgets\canvas</Filter>
    </ClInclude>
    <ClInclude Include="$(TouchGFXReleasePath)\framework\include\touchgfx\widgets\canvas\AbstractPainterRGB888.hpp">
      <Filter>Header Files\TouchGFX\touchgfx\widgets\canvas</Filter>
    </ClInclude>
    <ClInclude Include="$(TouchGFXReleasePath)\framework\include\touchgfx\widgets\canvas\AbstractShape.hpp">
      <Filter>Header Files\TouchGFX\touchgfx\widgets\canvas</Filter>
    </ClInclude>
    <ClInclude Include="$(TouchGFXReleasePath)\framework\include\touchgfx\widgets\canvas\Canvas.hpp">
      <Filter>Header Files\TouchGFX\touchgfx\widgets\canvas</Filter>
    </ClInclude>
    <ClInclude Include="$(TouchGFXReleasePath)\framework\include\touchgfx\widgets\canvas\CanvasWidget.hpp">
      <Filter>Header Files\TouchGFX\touchgfx\widgets\canvas</Filter>
    </ClInclude>
    <ClInclude Include="$(TouchGFXReleasePath)\framework\include\touchgfx\widgets\canvas\Circle.hpp">
      <Filter>Header Files\TouchGFX\touchgfx\widgets\canvas</Filter>
    </ClInclude>
    <ClInclude Include="$(TouchGFXReleasePath)\framework\include\touchgfx\widgets\canvas\CWRUtil.hpp">
      <Filter>Header Files\TouchGFX\touchgfx\widgets\canvas</Filter>
    </ClInclude>
    <ClInclude Include="$(TouchGFXReleasePath)\framework\include\touchgfx\widgets\canvas\Line.hpp">
      <Filter>Header Files\TouchGFX\touchgfx\widgets\canvas</Filter>
    </ClInclude>
    <ClInclude Include="$(TouchGFXReleasePath)\framework\include\touchgfx\widgets\canvas\PainterBW.hpp">
      <Filter>Header Files\TouchGFX\touchgfx\widgets\canvas</Filter>
    </ClInclude>
    <ClInclude Include="$(TouchGFXReleasePath)\framework\include\touchgfx\widgets\canvas\PainterGRAY2.hpp">
      <Filter>Header Files\TouchGFX\touchgfx\widgets\canvas</Filter>
    </ClInclude>
    <ClInclude Include="$(TouchGFXReleasePath)\framework\include\touchgfx\widgets\canvas\PainterGRAY2Bitmap.hpp">
      <Filter>Header Files\TouchGFX\touchgfx\widgets\canvas</Filter>
    </ClInclude>
    <ClInclude Include="$(TouchGFXReleasePath)\framework\include\touchgfx\widgets\canvas\PainterGRAY4.hpp">
      <Filter>Header Files\TouchGFX\touchgfx\widgets\canvas</Filter>
    </ClInclude>
    <ClInclude Include="$(TouchGFXReleasePath)\framework\include\touchgfx\widgets\canvas\PainterGRAY4Bitmap.hpp">
      <Filter>Header Files\TouchGFX\touchgfx\widgets\canvas</Filter>
    </ClInclude>
    <ClInclude Include="$(TouchGFXReleasePath)\framework\include\touchgfx\widgets\canvas\PainterRGB565.hpp">
      <Filter>Header Files\TouchGFX\touchgfx\widgets\canvas</Filter>
    </ClInclude>
    <ClInclude Include="$(TouchGFXReleasePath)\framework\include\touchgfx\widgets\canvas\PainterRGB565Bitmap.hpp">
      <Filter>Header Files\TouchGFX\touchgfx\widgets\canvas</Filter>
    </ClInclude>
    <ClInclude Include="$(TouchGFXReleasePath)\framework\include\touchgfx\widgets\canvas\PainterRGB888.hpp">
      <Filter>Header Files\TouchGFX\touchgfx\widgets\canvas</Filter>
    </ClInclude>
    <ClInclude Include="$(TouchGFXReleasePath)\framework\include\touchgfx\widgets\canvas\PainterRGB888Bitmap.hpp">
      <Filter>Header Files\TouchGFX\touchgfx\widgets\canvas</Filter>
    </ClInclude>
    <ClInclude Include="$(TouchGFXReleasePath)\framework\include\touchgfx\widgets\canvas\Shape.hpp">
      <Filter>Header Files\TouchGFX\touchgfx\widgets\canvas</Filter>
    </ClInclude>
    <ClInclude Include="$(TouchGFXReleasePath)\framework\include\touchgfx\widgets\Image.hpp">
      <Filter>Header Files\TouchGFX\touchgfx\widgets</Filter>
    </ClInclude>
    <ClInclude Include="$(TouchGFXReleasePath)\framework\include\touchgfx\widgets\Keyboard.hpp">
      <Filter>Header Files\TouchGFX\touchgfx\widgets</Filter>
    </ClInclude>
    <ClInclude Include="$(TouchGFXReleasePath)\framework\include\touchgfx\widgets\PixelDataWidget.hpp">
      <Filter>Header Files\TouchGFX\touchgfx\widgets</Filter>
    </ClInclude>
    <ClInclude Include="$(TouchGFXReleasePath)\framework\include\touchgfx\widgets\RadioButton.hpp">
      <Filter>Header Files\TouchGFX\touchgfx\widgets</Filter>
    </ClInclude>
    <ClInclude Include="$(TouchGFXReleasePath)\framework\include\touchgfx\widgets\RadioButtonGroup.hpp">
      <Filter>Header Files\TouchGFX\touchgfx\widgets</Filter>
    </ClInclude>
    <ClInclude Include="$(TouchGFXReleasePath)\framework\include\touchgfx\widgets\RepeatButton.hpp">
      <Filter>Header Files\TouchGFX\touchgfx\widgets</Filter>
    </ClInclude>
    <ClInclude Include="$(TouchGFXReleasePath)\framework\include\touchgfx\widgets\ScalableImage.hpp">
      <Filter>Header Files\TouchGFX\touchgfx\widgets</Filter>
    </ClInclude>
    <ClInclude Include="$(TouchGFXReleasePath)\framework\include\touchgfx\widgets\SnapshotWidget.hpp">
      <Filter>Header Files\TouchGFX\touchgfx\widgets</Filter>
    </ClInclude>
    <ClInclude Include="$(TouchGFXReleasePath)\framework\include\touchgfx\widgets\TextArea.hpp">
      <Filter>Header Files\TouchGFX\touchgfx\widgets</Filter>
    </ClInclude>
    <ClInclude Include="$(TouchGFXReleasePath)\framework\include\touchgfx\widgets\TextAreaWithWildcard.hpp">
      <Filter>Header Files\TouchGFX\touchgfx\widgets</Filter>
    </ClInclude>
    <ClInclude Include="$(TouchGFXReleasePath)\framework\include\touchgfx\widgets\TextureMapper.hpp">
      <Filter>Header Files\TouchGFX\touchgfx\widgets</Filter>
    </ClInclude>
    <ClInclude Include="$(TouchGFXReleasePath)\framework\include\touchgfx\widgets\TiledImage.hpp">
      <Filter>Header Files\TouchGFX\touchgfx\widgets</Filter>
    </ClInclude>
    <ClInclude Include="$(TouchGFXReleasePath)\framework\include\touchgfx\widgets\ToggleButton.hpp">
      <Filter>Header Files\TouchGFX\touchgfx\widgets</Filter>
    </ClInclude>
    <ClInclude Include="$(TouchGFXReleasePath)\framework\include\touchgfx\widgets\TouchArea.hpp">
      <Filter>Header Files\TouchGFX\touchgfx\widgets</Filter>
    </ClInclude>
    <ClInclude Include="$(TouchGFXReleasePath)\framework\include\touchgfx\widgets\Widget.hpp">
      <Filter>Header Files\TouchGFX\touchgfx\widgets</Filter>
    </ClInclude>
    <ClInclude Include="$(ApplicationRoot)\generated\simulator\include\simulator\mainBase.hpp">
      <Filter>Header Files\generated\simulator</Filter>
    </ClInclude>
    <ClInclude Include="..\..\generated\simulator\include\simulator\video\DirectFrameBufferVideoController.hpp">
      <Filter>Header Files\generated\simulator\include\simulator\video</Filter>
    </ClInclude>
    <ClInclude Include="..\..\gui\include\gui\common\FrontendApplication.hpp">
      <Filter>Header Files\gui\common</Filter>
    </ClInclude>
    <ClInclude Include="..\..\generated\gui_generated\include\gui_generated\common\FrontendApplicationBase.hpp">
      <Filter>Header Files\generated\gui_generated\common</Filter>
    </ClInclude>
    <ClInclude Include="..\..\gui\include\gui\common\FrontendHeap.hpp">
      <Filter>Header Files\gui\common</Filter>
    </ClInclude>
    <ClInclude Include="..\..\generated\gui_generated\include\gui_generated\common\FrontendHeapBase.hpp">
      <Filter>Header Files\generated\gui_generated\common</Filter>
    </ClInclude>
    <ClInclude Include="..\..\generated\simulator\include\simulator\video\MJPEGDecoder.hpp">
      <Filter>Header Files\generated\simulator\include\simulator\video</Filter>
    </ClInclude>
    <ClInclude Include="..\..\gui\include\gui\model\Model.hpp">
      <Filter>Header Files\gui\model</Filter>
    </ClInclude>
    <ClInclude Include="..\..\gui\include\gui\model\ModelListener.hpp">
      <Filter>Header Files\gui\model</Filter>
    </ClInclude>
    <ClInclude Include="..\..\gui\include\gui\screen1_screen\Screen1Presenter.hpp">
      <Filter>Header Files\gui\screen1_screen</Filter>
    </ClInclude>
    <ClInclude Include="..\..\gui\include\gui\screen1_screen\Screen1View.hpp">
      <Filter>Header Files\gui\screen1_screen</Filter>
    </ClInclude>
    <ClInclude Include="..\..\generated\gui_generated\include\gui_generated\screen1_screen\Screen1ViewBase.hpp">
      <Filter>Header Files\generated\gui_generated\screen1_screen</Filter>
    </ClInclude>
    <ClInclude Include="..\..\generated\gui_generated\include\gui_generated\common\SimConstants.hpp">
      <Filter>Header Files\generated\gui_generated\common</Filter>
    </ClInclude>
    <ClInclude Include="..\..\generated\simulator\include\simulator\video\SoftwareMJPEGDecoder.hpp">
      <Filter>Header Files\generated\simulator\include\simulator\video</Filter>
    </ClInclude>
    <ClInclude Include="..\..\gui\include\gui\screen2_screen\Screen2Presenter.hpp">
      <Filter>Header Files\gui\screen2_screen</Filter>
    </ClInclude>
    <ClInclude Include="..\..\gui\include\gui\screen2_screen\Screen2View.hpp">
      <Filter>Header Files\gui\screen2_screen</Filter>
    </ClInclude>
    <ClInclude Include="..\..\generated\gui_generated\include\gui_generated\screen2_screen\Screen2ViewBase.hpp">
      <Filter>Header Files\generated\gui_generated\screen2_screen</Filter>
    </ClInclude>
    <ClInclude Include="..\..\gui\include\gui\markerhistory_screen\MarkerHistoryPresenter.hpp">
      <Filter>Header Files\gui\markerhistory_screen</Filter>
    </ClInclude>
    <ClInclude Include="..\..\gui\include\gui\markerhistory_screen\MarkerHistoryView.hpp">
      <Filter>Header Files\gui\markerhistory_screen</Filter>
    </ClInclude>
    <ClInclude Include="..\..\generated\gui_generated\include\gui_generated\markerhistory_screen\MarkerHistoryViewBase.hpp">
      <Filter>Header Files\generated\gui_generated\markerhistory_screen</Filter>
    </ClInclude>
    <ClInclude Include="..\..\gui\include\gui\containers\CustomContainer1.hpp">
      <Filter>Header Files\gui\containers</Filter>
    </ClInclude>
    <ClInclude Include="..\..\generated\gui_generated\include\gui_generated\containers\CustomContainer1Base.hpp">
      <Filter>Header Files\generated\gui_generated\containers</Filter>
    </ClInclude>
    <ClInclude Include="..\..\gui\include\gui\mainboard_screen\MainBoardPresenter.hpp">
      <Filter>Header Files\gui\mainboard_screen</Filter>
    </ClInclude>
    <ClInclude Include="..\..\gui\include\gui\mainboard_screen\MainBoardView.hpp">
      <Filter>Header Files\gui\mainboard_screen</Filter>
    </ClInclude>
    <ClInclude Include="..\..\generated\gui_generated\include\gui_generated\mainboard_screen\MainBoardViewBase.hpp">
      <Filter>Header Files\generated\gui_generated\mainboard_screen</Filter>
    </ClInclude>
    <ClInclude Include="..\..\gui\include\gui\sub_information_screen\sub_InformationPresenter.hpp">
      <Filter>Header Files\gui\sub_information_screen</Filter>
    </ClInclude>
    <ClInclude Include="..\..\gui\include\gui\sub_information_screen\sub_InformationView.hpp">
      <Filter>Header Files\gui\sub_information_screen</Filter>
    </ClInclude>
    <ClInclude Include="..\..\generated\gui_generated\include\gui_generated\sub_information_screen\sub_InformationViewBase.hpp">
      <Filter>Header Files\generated\gui_generated\sub_information_screen</Filter>
    </ClInclude>
    <ClInclude Include="..\..\gui\include\gui\sub_busload_can_screen\sub_Busload_CANPresenter.hpp">
      <Filter>Header Files\gui\sub_busload_can_screen</Filter>
    </ClInclude>
    <ClInclude Include="..\..\gui\include\gui\sub_busload_can_screen\sub_Busload_CANView.hpp">
      <Filter>Header Files\gui\sub_busload_can_screen</Filter>
    </ClInclude>
    <ClInclude Include="..\..\generated\gui_generated\include\gui_generated\sub_busload_can_screen\sub_Busload_CANViewBase.hpp">
      <Filter>Header Files\generated\gui_generated\sub_busload_can_screen</Filter>
    </ClInclude>
    <ClInclude Include="..\..\gui\include\gui\sub_busload_eth_screen\sub_Busload_ETHPresenter.hpp">
      <Filter>Header Files\gui\sub_busload_eth_screen</Filter>
    </ClInclude>
    <ClInclude Include="..\..\gui\include\gui\sub_busload_eth_screen\sub_Busload_ETHView.hpp">
      <Filter>Header Files\gui\sub_busload_eth_screen</Filter>
    </ClInclude>
    <ClInclude Include="..\..\generated\gui_generated\include\gui_generated\sub_busload_eth_screen\sub_Busload_ETHViewBase.hpp">
      <Filter>Header Files\generated\gui_generated\sub_busload_eth_screen</Filter>
    </ClInclude>
    <ClInclude Include="..\..\gui\include\gui\sub_busload_flexray_screen\sub_Busload_FlexrayPresenter.hpp">
      <Filter>Header Files\gui\sub_busload_flexray_screen</Filter>
    </ClInclude>
    <ClInclude Include="..\..\gui\include\gui\sub_busload_flexray_screen\sub_Busload_FlexrayView.hpp">
      <Filter>Header Files\gui\sub_busload_flexray_screen</Filter>
    </ClInclude>
    <ClInclude Include="..\..\generated\gui_generated\include\gui_generated\sub_busload_flexray_screen\sub_Busload_FlexrayViewBase.hpp">
      <Filter>Header Files\generated\gui_generated\sub_busload_flexray_screen</Filter>
    </ClInclude>
    <ClInclude Include="..\..\gui\include\gui\sub_busload_lin_screen\sub_Busload_LINPresenter.hpp">
      <Filter>Header Files\gui\sub_busload_lin_screen</Filter>
    </ClInclude>
    <ClInclude Include="..\..\gui\include\gui\sub_busload_lin_screen\sub_Busload_LINView.hpp">
      <Filter>Header Files\gui\sub_busload_lin_screen</Filter>
    </ClInclude>
    <ClInclude Include="..\..\generated\gui_generated\include\gui_generated\sub_busload_lin_screen\sub_Busload_LINViewBase.hpp">
      <Filter>Header Files\generated\gui_generated\sub_busload_lin_screen</Filter>
    </ClInclude>
    <ClInclude Include="..\..\gui\include\gui\sub_busload_uart_screen\sub_Busload_UARTPresenter.hpp">
      <Filter>Header Files\gui\sub_busload_uart_screen</Filter>
    </ClInclude>
    <ClInclude Include="..\..\gui\include\gui\sub_busload_uart_screen\sub_Busload_UARTView.hpp">
      <Filter>Header Files\gui\sub_busload_uart_screen</Filter>
    </ClInclude>
    <ClInclude Include="..\..\generated\gui_generated\include\gui_generated\sub_busload_uart_screen\sub_Busload_UARTViewBase.hpp">
      <Filter>Header Files\generated\gui_generated\sub_busload_uart_screen</Filter>
    </ClInclude>
    <ClInclude Include="..\..\gui\include\gui\sub_network_port1_screen\sub_Network_Port1Presenter.hpp">
      <Filter>Header Files\gui\sub_network_port1_screen</Filter>
    </ClInclude>
    <ClInclude Include="..\..\gui\include\gui\sub_network_port1_screen\sub_Network_Port1View.hpp">
      <Filter>Header Files\gui\sub_network_port1_screen</Filter>
    </ClInclude>
    <ClInclude Include="..\..\generated\gui_generated\include\gui_generated\sub_network_port1_screen\sub_Network_Port1ViewBase.hpp">
      <Filter>Header Files\generated\gui_generated\sub_network_port1_screen</Filter>
    </ClInclude>
    <ClInclude Include="..\..\gui\include\gui\sub_network_port2_screen\sub_Network_Port2Presenter.hpp">
      <Filter>Header Files\gui\sub_network_port2_screen</Filter>
    </ClInclude>
    <ClInclude Include="..\..\gui\include\gui\sub_network_port2_screen\sub_Network_Port2View.hpp">
      <Filter>Header Files\gui\sub_network_port2_screen</Filter>
    </ClInclude>
    <ClInclude Include="..\..\generated\gui_generated\include\gui_generated\sub_network_port2_screen\sub_Network_Port2ViewBase.hpp">
      <Filter>Header Files\generated\gui_generated\sub_network_port2_screen</Filter>
    </ClInclude>
    <ClInclude Include="..\..\gui\include\gui\sub_network_port3_screen\sub_Network_Port3Presenter.hpp">
      <Filter>Header Files\gui\sub_network_port3_screen</Filter>
    </ClInclude>
    <ClInclude Include="..\..\gui\include\gui\sub_network_port3_screen\sub_Network_Port3View.hpp">
      <Filter>Header Files\gui\sub_network_port3_screen</Filter>
    </ClInclude>
    <ClInclude Include="..\..\generated\gui_generated\include\gui_generated\sub_network_port3_screen\sub_Network_Port3ViewBase.hpp">
      <Filter>Header Files\generated\gui_generated\sub_network_port3_screen</Filter>
    </ClInclude>
    <ClInclude Include="..\..\gui\include\gui\sub_network_port4_screen\sub_Network_Port4Presenter.hpp">
      <Filter>Header Files\gui\sub_network_port4_screen</Filter>
    </ClInclude>
    <ClInclude Include="..\..\gui\include\gui\sub_network_port4_screen\sub_Network_Port4View.hpp">
      <Filter>Header Files\gui\sub_network_port4_screen</Filter>
    </ClInclude>
    <ClInclude Include="..\..\generated\gui_generated\include\gui_generated\sub_network_port4_screen\sub_Network_Port4ViewBase.hpp">
      <Filter>Header Files\generated\gui_generated\sub_network_port4_screen</Filter>
    </ClInclude>
    <ClInclude Include="..\..\gui\include\gui\sub_network_wlan_screen\sub_Network_WLANPresenter.hpp">
      <Filter>Header Files\gui\sub_network_wlan_screen</Filter>
    </ClInclude>
    <ClInclude Include="..\..\gui\include\gui\sub_network_wlan_screen\sub_Network_WLANView.hpp">
      <Filter>Header Files\gui\sub_network_wlan_screen</Filter>
    </ClInclude>
    <ClInclude Include="..\..\generated\gui_generated\include\gui_generated\sub_network_wlan_screen\sub_Network_WLANViewBase.hpp">
      <Filter>Header Files\generated\gui_generated\sub_network_wlan_screen</Filter>
    </ClInclude>
  </ItemGroup>
  <ItemGroup>
    <ResourceCompile Include="$(ApplicationRoot)\generated\simulator\touchgfx.rc">
      <Filter>Resource Files</Filter>
    </ResourceCompile>
  </ItemGroup>
</Project>
